<?xml version="1.0" encoding="utf-8"?>
<Project ToolsVersion="4.0" xmlns="http://schemas.microsoft.com/developer/msbuild/2003">
  <ItemGroup>
    <Filter Include="源文件">
      <UniqueIdentifier>{4FC737F1-C7A5-4376-A066-2A32D752A2FF}</UniqueIdentifier>
      <Extensions>cpp;c;cc;cxx;c++;cppm;ixx;def;odl;idl;hpj;bat;asm;asmx</Extensions>
    </Filter>
    <Filter Include="头文件">
      <UniqueIdentifier>{93995380-89BD-4b04-88EB-625FBE52EBFB}</UniqueIdentifier>
      <Extensions>h;hh;hpp;hxx;h++;hm;inl;inc;ipp;xsd</Extensions>
    </Filter>
    <Filter Include="资源文件">
      <UniqueIdentifier>{67DA6AB6-F800-4c08-8B7A-83BB121AAD01}</UniqueIdentifier>
      <Extensions>rc;ico;cur;bmp;dlg;rc2;rct;bin;rgs;gif;jpg;jpeg;jpe;resx;tiff;tif;png;wav;mfcribbon-ms</Extensions>
    </Filter>
    <Filter Include="源文件\P1">
      <UniqueIdentifier>{b2475996-bf42-44c7-a098-7f4bd9b98749}</UniqueIdentifier>
    </Filter>
    <Filter Include="源文件\P2">
      <UniqueIdentifier>{c9b59755-0126-4c00-a54a-c25c4d407a1e}</UniqueIdentifier>
    </Filter>
    <Filter Include="源文件\P3">
      <UniqueIdentifier>{3c99f74e-730b-4a8f-8be8-6f8b41931ed5}</UniqueIdentifier>
    </Filter>
    <Filter Include="源文件\P4">
      <UniqueIdentifier>{d03eefdd-7d9b-4d69-962c-2e9461445f1a}</UniqueIdentifier>
    </Filter>
    <Filter Include="源文件\P5">
      <UniqueIdentifier>{429d6ff1-1dbf-4736-8c30-c1a5b8abce3c}</UniqueIdentifier>
    </Filter>
    <Filter Include="源文件\P6">
      <UniqueIdentifier>{dbfff0b0-9377-4c8c-830e-c389f0f9e674}</UniqueIdentifier>
    </Filter>
    <Filter Include="源文件\P4\1">
      <UniqueIdentifier>{cca757c7-d810-4cd9-aafc-d236ee9d6f61}</UniqueIdentifier>
    </Filter>
    <Filter Include="源文件\P4\2">
      <UniqueIdentifier>{7e2b12f0-20de-4289-901f-5a937577cb3a}</UniqueIdentifier>
    </Filter>
    <Filter Include="源文件\P4\3">
      <UniqueIdentifier>{4b413a64-b2fe-4b73-bd4f-799e54a8aeff}</UniqueIdentifier>
    </Filter>
    <Filter Include="源文件\P5\1">
      <UniqueIdentifier>{3884073c-0b6f-4118-b4df-60149dd6ad51}</UniqueIdentifier>
    </Filter>
    <Filter Include="源文件\P5\2">
      <UniqueIdentifier>{32b97367-25d6-40b6-b5cd-62facf0f01a7}</UniqueIdentifier>
    </Filter>
    <Filter Include="源文件\P7">
      <UniqueIdentifier>{959298f4-d6fa-4f15-a591-53a96a52b40b}</UniqueIdentifier>
    </Filter>
    <Filter Include="源文件\P8">
      <UniqueIdentifier>{4573673b-858a-49da-bbee-1ca3bf02cf25}</UniqueIdentifier>
    </Filter>
  </ItemGroup>
  <ItemGroup>
    <ClCompile Include="P1\1.cpp">
      <Filter>源文件\P1</Filter>
    </ClCompile>
    <ClCompile Include="P1\2.cpp">
      <Filter>源文件\P1</Filter>
    </ClCompile>
    <ClCompile Include="P1\3.cpp">
      <Filter>源文件\P1</Filter>
    </ClCompile>
    <ClCompile Include="P1\4.cpp">
      <Filter>源文件\P1</Filter>
    </ClCompile>
    <ClCompile Include="P1\5.cpp">
      <Filter>源文件\P1</Filter>
    </ClCompile>
    <ClCompile Include="P1\6.cpp">
      <Filter>源文件\P1</Filter>
    </ClCompile>
    <ClCompile Include="P2\1.cpp">
      <Filter>源文件\P2</Filter>
    </ClCompile>
    <ClCompile Include="P2\2.cpp">
      <Filter>源文件\P2</Filter>
    </ClCompile>
    <ClCompile Include="P2\3.cpp">
      <Filter>源文件\P2</Filter>
    </ClCompile>
    <ClCompile Include="P2\4.cpp">
      <Filter>源文件\P2</Filter>
    </ClCompile>
    <ClCompile Include="P2\5.cpp">
      <Filter>源文件\P2</Filter>
    </ClCompile>
    <ClCompile Include="P2\6.cpp">
      <Filter>源文件\P2</Filter>
    </ClCompile>
    <ClCompile Include="P2\7.cpp">
      <Filter>源文件\P2</Filter>
    </ClCompile>
    <ClCompile Include="P2\8.cpp">
      <Filter>源文件\P2</Filter>
    </ClCompile>
    <ClCompile Include="P3\1_1.cpp">
      <Filter>源文件\P3</Filter>
    </ClCompile>
    <ClCompile Include="P3\1_2.cpp">
      <Filter>源文件\P3</Filter>
    </ClCompile>
    <ClCompile Include="P3\1_3.cpp">
      <Filter>源文件\P3</Filter>
    </ClCompile>
    <ClCompile Include="P3\2.cpp">
      <Filter>源文件\P3</Filter>
    </ClCompile>
    <ClCompile Include="P3\3.cpp">
      <Filter>源文件\P3</Filter>
    </ClCompile>
    <ClCompile Include="P3\4.cpp">
      <Filter>源文件\P3</Filter>
    </ClCompile>
    <ClCompile Include="P4\1\1_1.cpp">
      <Filter>源文件\P4\1</Filter>
    </ClCompile>
    <ClCompile Include="P4\1\1_2.cpp">
      <Filter>源文件\P4\1</Filter>
    </ClCompile>
    <ClCompile Include="P4\1\1_3.cpp">
      <Filter>源文件\P4\1</Filter>
    </ClCompile>
    <ClCompile Include="P4\1\1_4.cpp">
      <Filter>源文件\P4\1</Filter>
    </ClCompile>
    <ClCompile Include="P4\1\1_5.cpp">
      <Filter>源文件\P4\1</Filter>
    </ClCompile>
    <ClCompile Include="P4\1\2.cpp">
      <Filter>源文件\P4\1</Filter>
    </ClCompile>
    <ClCompile Include="P4\1\3.cpp">
      <Filter>源文件\P4\1</Filter>
    </ClCompile>
    <ClCompile Include="P4\2\1_1.cpp">
      <Filter>源文件\P4\2</Filter>
    </ClCompile>
    <ClCompile Include="P4\2\1_2.cpp">
      <Filter>源文件\P4\2</Filter>
    </ClCompile>
    <ClCompile Include="P4\2\2_1.cpp">
      <Filter>源文件\P4\2</Filter>
    </ClCompile>
    <ClCompile Include="P4\2\2_2.cpp">
      <Filter>源文件\P4\2</Filter>
    </ClCompile>
    <ClCompile Include="P4\2\3_1.cpp">
      <Filter>源文件\P4\2</Filter>
    </ClCompile>
    <ClCompile Include="P4\2\3_2.cpp">
      <Filter>源文件\P4\2</Filter>
    </ClCompile>
    <ClCompile Include="P4\2\4_1.cpp">
      <Filter>源文件\P4\2</Filter>
    </ClCompile>
    <ClCompile Include="P4\2\4_2.cpp">
      <Filter>源文件\P4\2</Filter>
    </ClCompile>
    <ClCompile Include="P4\3\1.cpp">
      <Filter>源文件\P4\3</Filter>
    </ClCompile>
    <ClCompile Include="P4\3\2.cpp">
      <Filter>源文件\P4\3</Filter>
    </ClCompile>
    <ClCompile Include="P4\3\3.cpp">
      <Filter>源文件\P4\3</Filter>
    </ClCompile>
    <ClCompile Include="P5\1\1.cpp">
      <Filter>源文件\P5\1</Filter>
    </ClCompile>
    <ClCompile Include="P5\1\2_1.cpp">
      <Filter>源文件\P5\1</Filter>
    </ClCompile>
    <ClCompile Include="P5\1\2_2.cpp">
      <Filter>源文件\P5\1</Filter>
    </ClCompile>
    <ClCompile Include="P5\1\2_3.cpp">
      <Filter>源文件\P5\1</Filter>
    </ClCompile>
    <ClCompile Include="P5\1\3.cpp">
      <Filter>源文件\P5\1</Filter>
    </ClCompile>
    <ClCompile Include="P5\2\1.cpp">
      <Filter>源文件\P5\2</Filter>
    </ClCompile>
    <ClCompile Include="P5\2\2.cpp">
      <Filter>源文件\P5\2</Filter>
    </ClCompile>
    <ClCompile Include="P5\2\3.cpp">
      <Filter>源文件\P5\2</Filter>
    </ClCompile>
    <ClCompile Include="P6\4.cpp">
      <Filter>源文件\P6</Filter>
    </ClCompile>
    <ClCompile Include="P6\5.cpp">
      <Filter>源文件\P6</Filter>
    </ClCompile>
    <ClCompile Include="P6\6.cpp">
      <Filter>源文件\P6</Filter>
    </ClCompile>
    <ClCompile Include="P6\swap.cpp">
      <Filter>源文件\P6</Filter>
    </ClCompile>
    <ClCompile Include="P6\1.cpp">
      <Filter>源文件\P6</Filter>
    </ClCompile>
    <ClCompile Include="P6\2.cpp">
      <Filter>源文件\P6</Filter>
    </ClCompile>
    <ClCompile Include="P6\3.cpp">
      <Filter>源文件\P6</Filter>
    </ClCompile>
    <ClCompile Include="note-1\P7\1.cpp">
      <Filter>源文件\P7</Filter>
    </ClCompile>
    <ClCompile Include="note-1\P7\2.cpp">
      <Filter>源文件\P7</Filter>
    </ClCompile>
    <ClCompile Include="note-1\P7\3_1.cpp">
      <Filter>源文件\P7</Filter>
    </ClCompile>
    <ClCompile Include="note-1\P7\3_2.cpp">
      <Filter>源文件\P7</Filter>
    </ClCompile>
    <ClCompile Include="note-1\P7\4.cpp">
      <Filter>源文件\P7</Filter>
    </ClCompile>
    <ClCompile Include="note-1\P7\5.cpp">
      <Filter>源文件\P7</Filter>
    </ClCompile>
    <ClCompile Include="note-1\P7\6.cpp">
      <Filter>源文件\P7</Filter>
    </ClCompile>
    <ClCompile Include="note-1\P7\7.cpp">
      <Filter>源文件\P7</Filter>
    </ClCompile>
    <ClCompile Include="note-1\P8\1.cpp">
      <Filter>源文件\P8</Filter>
    </ClCompile>
    <ClCompile Include="note-1\P8\2.cpp">
      <Filter>源文件\P8</Filter>
    </ClCompile>
    <ClCompile Include="note-1\P8\3.cpp">
      <Filter>源文件\P8</Filter>
    </ClCompile>
    <ClCompile Include="note-1\P8\4.cpp">
      <Filter>源文件\P8</Filter>
    </ClCompile>
    <ClCompile Include="note-1\P8\5.cpp">
      <Filter>源文件\P8</Filter>
    </ClCompile>
    <ClCompile Include="note-1\P8\6.cpp">
      <Filter>源文件\P8</Filter>
    </ClCompile>
    <ClCompile Include="note-1\P8\7_1.cpp">
      <Filter>源文件\P8</Filter>
    </ClCompile>
    <ClCompile Include="note-1\P8\7_2.cpp">
      <Filter>源文件\P8</Filter>
    </ClCompile>
  </ItemGroup>
  <ItemGroup>
    <ClInclude Include="P6\swap.h">
      <Filter>头文件</Filter>
    </ClInclude>
  </ItemGroup>
</Project>